
Microsoft Visual Studio Solution File, Format Version 12.00
# Visual Studio Version 17
VisualStudioVersion = 17.10.35122.118
MinimumVisualStudioVersion = 10.0.40219.1
Project("{FAE04EC0-301F-11D3-BF4B-00C04F79EFBC}") = "MvcMovie", "MvcMovie\MvcMovie.csproj", "{67CB28D9-2AD6-40A4-A277-E346C93F3B74}"
EndProject
Global
	GlobalSection(SolutionConfigurationPlatforms) = preSolution
		Debug|Any CPU = Debug|Any CPU
		Release|Any CPU = Release|Any CPU
	EndGlobalSection
	GlobalSection(ProjectConfigurationPlatforms) = postSolution
		{67CB28D9-2AD6-40A4-A277-E346C93F3B74}.Debug|Any CPU.ActiveCfg = Debug|Any CPU
		{67CB28D9-2AD6-40A4-A277-E346C93F3B74}.Debug|Any CPU.Build.0 = Debug|Any CPU
		{67CB28D9-2AD6-40A4-A277-E346C93F3B74}.Release|Any CPU.ActiveCfg = Release|Any CPU
		{67CB28D9-2AD6-40A4-A277-E346C93F3B74}.Release|Any CPU.Build.0 = Release|Any CPU
	EndGlobalSection
	GlobalSection(SolutionProperties) = preSolution
		HideSolutionNode = FALSE
	EndGlobalSection
	GlobalSection(ExtensibilityGlobals) = postSolution
		SolutionGuid = {DAC2A5C2-E0EC-4643-91F1-EF1B506D5FE4}
	EndGlobalSection
EndGlobal
